
Microsoft Visual Studio Solution File, Format Version 12.00
Project("{FAE04EC0-301F-11D3-BF4B-00C04F79EFBC}") = "advent-of-code-2020", "advent-of-code-2020.csproj", "{43A3E115-946A-4226-B6F5-7F67D0A7417A}"
EndProject
Project("{2150E333-8FDC-42A3-9474-1A3956D46DE8}") = "SolutionFolder", "SolutionFolder", "{58E67D84-89F6-4FF3-ACB1-B04322F651E1}"
	ProjectSection(SolutionItems) = preProject
		.gitignore = .gitignore
	EndProjectSection
EndProject
Global
	GlobalSection(SolutionConfigurationPlatforms) = preSolution
		Debug|Any CPU = Debug|Any CPU
		Release|Any CPU = Release|Any CPU
	EndGlobalSection
	GlobalSection(ProjectConfigurationPlatforms) = postSolution
		{43A3E115-946A-4226-B6F5-7F67D0A7417A}.Debug|Any CPU.ActiveCfg = Debug|Any CPU
		{43A3E115-946A-4226-B6F5-7F67D0A7417A}.Debug|Any CPU.Build.0 = Debug|Any CPU
		{43A3E115-946A-4226-B6F5-7F67D0A7417A}.Release|Any CPU.ActiveCfg = Release|Any CPU
		{43A3E115-946A-4226-B6F5-7F67D0A7417A}.Release|Any CPU.Build.0 = Release|Any CPU
	EndGlobalSection
EndGlobal
